
Microsoft Visual Studio Solution File, Format Version 12.00
# Visual Studio Version 17
VisualStudioVersion = 17.7.34202.233
MinimumVisualStudioVersion = 10.0.40219.1
Project("{FAE04EC0-301F-11D3-BF4B-00C04F79EFBC}") = "TaskWebApp", "TaskWebApp\TaskWebApp.csproj", "{07D1C353-4626-4D20-A804-531517BCF3F5}"
EndProject
Project("{FAE04EC0-301F-11D3-BF4B-00C04F79EFBC}") = "TaskService", "TaskService\TaskService.csproj", "{FEBD0A38-D884-403D-89C5-1FEFE80BB550}"
EndProject
Global
	GlobalSection(SolutionConfigurationPlatforms) = preSolution
		Debug|Any CPU = Debug|Any CPU
		Release|Any CPU = Release|Any CPU
	EndGlobalSection
	GlobalSection(ProjectConfigurationPlatforms) = postSolution
		{07D1C353-4626-4D20-A804-531517BCF3F5}.Debug|Any CPU.ActiveCfg = Debug|Any CPU
		{07D1C353-4626-4D20-A804-531517BCF3F5}.Debug|Any CPU.Build.0 = Debug|Any CPU
		{07D1C353-4626-4D20-A804-531517BCF3F5}.Release|Any CPU.ActiveCfg = Release|Any CPU
		{07D1C353-4626-4D20-A804-531517BCF3F5}.Release|Any CPU.Build.0 = Release|Any CPU
		{FEBD0A38-D884-403D-89C5-1FEFE80BB550}.Debug|Any CPU.ActiveCfg = Debug|Any CPU
		{FEBD0A38-D884-403D-89C5-1FEFE80BB550}.Debug|Any CPU.Build.0 = Debug|Any CPU
		{FEBD0A38-D884-403D-89C5-1FEFE80BB550}.Release|Any CPU.ActiveCfg = Release|Any CPU
		{FEBD0A38-D884-403D-89C5-1FEFE80BB550}.Release|Any CPU.Build.0 = Release|Any CPU
	EndGlobalSection
	GlobalSection(SolutionProperties) = preSolution
		HideSolutionNode = FALSE
	EndGlobalSection
EndGlobal
